{
  "name": "server",
  "version": "1.0.0",
  "lockfileVersion": 3,
  "requires": true,
  "packages": {
    "": {
      "name": "server",
      "version": "1.0.0",
      "license": "ISC",
      "dependencies": {
        "asn1js": "^3.0.6",
        "busboy": "^1.6.0",
        "cross-inspect": "^1.0.1",
        "dset": "^3.1.4",
        "fast-decode-uri-component": "^1.0.1",
        "fast-querystring": "^1.1.2",
        "fast-url-parser": "^1.1.3",
        "graphql": "^16.10.0",
        "graphql-subscriptions": "^3.0.0",
        "graphql-ws": "^6.0.4",
        "graphql-yoga": "^5.13.3",
        "hash-it": "^6.0.0",
        "lru-cache": "^6.0.0",
        "punycode": "^1.4.1",
        "pvtsutils": "^1.3.6",
        "pvutils": "^1.1.3",
        "streamsearch": "^1.1.0",
        "tslib": "^2.8.1",
        "urlpattern-polyfill": "^8.0.2",
        "uuid": "^11.1.0",
        "web-streams-polyfill": "^3.3.3",
        "webcrypto-core": "^1.8.1",
        "ws": "^8.18.1",
        "yallist": "^4.0.0"
      }
    },
    "node_modules/@envelop/core": {
      "version": "5.2.3",
      "resolved": "https://registry.npmjs.org/@envelop/core/-/core-5.2.3.tgz",
      "integrity": "sha512-KfoGlYD/XXQSc3BkM1/k15+JQbkQ4ateHazeZoWl9P71FsLTDXSjGy6j7QqfhpIDSbxNISqhPMfZHYSbDFOofQ==",
      "license": "MIT",
      "dependencies": {
        "@envelop/instrumentation": "^1.0.0",
        "@envelop/types": "^5.2.1",
        "@whatwg-node/promise-helpers": "^1.2.4",
        "tslib": "^2.5.0"
      },
      "engines": {
        "node": ">=18.0.0"
      }
    },
    "node_modules/@envelop/instrumentation": {
      "version": "1.0.0",
      "resolved": "https://registry.npmjs.org/@envelop/instrumentation/-/instrumentation-1.0.0.tgz",
      "integrity": "sha512-cxgkB66RQB95H3X27jlnxCRNTmPuSTgmBAq6/4n2Dtv4hsk4yz8FadA1ggmd0uZzvKqWD6CR+WFgTjhDqg7eyw==",
      "license": "MIT",
      "dependencies": {
        "@whatwg-node/promise-helpers": "^1.2.1",
        "tslib": "^2.5.0"
      },
      "engines": {
        "node": ">=18.0.0"
      }
    },
    "node_modules/@envelop/types": {
      "version": "5.2.1",
      "resolved": "https://registry.npmjs.org/@envelop/types/-/types-5.2.1.tgz",
      "integrity": "sha512-CsFmA3u3c2QoLDTfEpGr4t25fjMU31nyvse7IzWTvb0ZycuPjMjb0fjlheh+PbhBYb9YLugnT2uY6Mwcg1o+Zg==",
      "license": "MIT",
      "dependencies": {
        "@whatwg-node/promise-helpers": "^1.0.0",
        "tslib": "^2.5.0"
      },
      "engines": {
        "node": ">=18.0.0"
      }
    },
    "node_modules/@graphql-tools/executor": {
      "version": "1.4.7",
      "resolved": "https://registry.npmjs.org/@graphql-tools/executor/-/executor-1.4.7.tgz",
      "integrity": "sha512-U0nK9jzJRP9/9Izf1+0Gggd6K6RNRsheFo1gC/VWzfnsr0qjcOSS9qTjY0OTC5iTPt4tQ+W5Zpw/uc7mebI6aA==",
      "license": "MIT",
      "dependencies": {
        "@graphql-tools/utils": "^10.8.6",
        "@graphql-typed-document-node/core": "^3.2.0",
        "@repeaterjs/repeater": "^3.0.4",
        "@whatwg-node/disposablestack": "^0.0.6",
        "@whatwg-node/promise-helpers": "^1.0.0",
        "tslib": "^2.4.0"
      },
      "engines": {
        "node": ">=16.0.0"
      },
      "peerDependencies": {
        "graphql": "^14.0.0 || ^15.0.0 || ^16.0.0 || ^17.0.0"
      }
    },
    "node_modules/@graphql-tools/merge": {
      "version": "9.0.24",
      "resolved": "https://registry.npmjs.org/@graphql-tools/merge/-/merge-9.0.24.tgz",
      "integrity": "sha512-NzWx/Afl/1qHT3Nm1bghGG2l4jub28AdvtG11PoUlmjcIjnFBJMv4vqL0qnxWe8A82peWo4/TkVdjJRLXwgGEw==",
      "license": "MIT",
      "dependencies": {
        "@graphql-tools/utils": "^10.8.6",
        "tslib": "^2.4.0"
      },
      "engines": {
        "node": ">=16.0.0"
      },
      "peerDependencies": {
        "graphql": "^14.0.0 || ^15.0.0 || ^16.0.0 || ^17.0.0"
      }
    },
    "node_modules/@graphql-tools/schema": {
      "version": "10.0.23",
      "resolved": "https://registry.npmjs.org/@graphql-tools/schema/-/schema-10.0.23.tgz",
      "integrity": "sha512-aEGVpd1PCuGEwqTXCStpEkmheTHNdMayiIKH1xDWqYp9i8yKv9FRDgkGrY4RD8TNxnf7iII+6KOBGaJ3ygH95A==",
      "license": "MIT",
      "dependencies": {
        "@graphql-tools/merge": "^9.0.24",
        "@graphql-tools/utils": "^10.8.6",
        "tslib": "^2.4.0"
      },
      "engines": {
        "node": ">=16.0.0"
      },
      "peerDependencies": {
        "graphql": "^14.0.0 || ^15.0.0 || ^16.0.0 || ^17.0.0"
      }
    },
    "node_modules/@graphql-tools/utils": {
      "version": "10.8.6",
      "resolved": "https://registry.npmjs.org/@graphql-tools/utils/-/utils-10.8.6.tgz",
      "integrity": "sha512-Alc9Vyg0oOsGhRapfL3xvqh1zV8nKoFUdtLhXX7Ki4nClaIJXckrA86j+uxEuG3ic6j4jlM1nvcWXRn/71AVLQ==",
      "license": "MIT",
      "dependencies": {
        "@graphql-typed-document-node/core": "^3.1.1",
        "@whatwg-node/promise-helpers": "^1.0.0",
        "cross-inspect": "1.0.1",
        "dset": "^3.1.4",
        "tslib": "^2.4.0"
      },
      "engines": {
        "node": ">=16.0.0"
      },
      "peerDependencies": {
        "graphql": "^14.0.0 || ^15.0.0 || ^16.0.0 || ^17.0.0"
      }
    },
    "node_modules/@graphql-typed-document-node/core": {
      "version": "3.2.0",
      "resolved": "https://registry.npmjs.org/@graphql-typed-document-node/core/-/core-3.2.0.tgz",
      "integrity": "sha512-mB9oAsNCm9aM3/SOv4YtBMqZbYj10R7dkq8byBqxGY/ncFwhf2oQzMV+LCRlWoDSEBJ3COiR1yeDvMtsoOsuFQ==",
      "license": "MIT",
      "peerDependencies": {
        "graphql": "^0.8.0 || ^0.9.0 || ^0.10.0 || ^0.11.0 || ^0.12.0 || ^0.13.0 || ^14.0.0 || ^15.0.0 || ^16.0.0 || ^17.0.0"
      }
    },
    "node_modules/@graphql-yoga/logger": {
      "version": "2.0.1",
      "resolved": "https://registry.npmjs.org/@graphql-yoga/logger/-/logger-2.0.1.tgz",
      "integrity": "sha512-Nv0BoDGLMg9QBKy9cIswQ3/6aKaKjlTh87x3GiBg2Z4RrjyrM48DvOOK0pJh1C1At+b0mUIM67cwZcFTDLN4sA==",
      "license": "MIT",
      "dependencies": {
        "tslib": "^2.8.1"
      },
      "engines": {
        "node": ">=18.0.0"
      }
    },
    "node_modules/@graphql-yoga/subscription": {
      "version": "5.0.4",
      "resolved": "https://registry.npmjs.org/@graphql-yoga/subscription/-/subscription-5.0.4.tgz",
      "integrity": "sha512-Bcj1LYVQyQmFN/vsl73TRSNistd8lBJJcPxqFVCT8diUuH/gTv2be2OYZsirpeO0l5tFjJWJv9RPgIlCYv3Khw==",
      "license": "MIT",
      "dependencies": {
        "@graphql-yoga/typed-event-target": "^3.0.2",
        "@repeaterjs/repeater": "^3.0.4",
        "@whatwg-node/events": "^0.1.0",
        "tslib": "^2.8.1"
      },
      "engines": {
        "node": ">=18.0.0"
      }
    },
    "node_modules/@graphql-yoga/typed-event-target": {
      "version": "3.0.2",
      "resolved": "https://registry.npmjs.org/@graphql-yoga/typed-event-target/-/typed-event-target-3.0.2.tgz",
      "integrity": "sha512-ZpJxMqB+Qfe3rp6uszCQoag4nSw42icURnBRfFYSOmTgEeOe4rD0vYlbA8spvCu2TlCesNTlEN9BLWtQqLxabA==",
      "license": "MIT",
      "dependencies": {
        "@repeaterjs/repeater": "^3.0.4",
        "tslib": "^2.8.1"
      },
      "engines": {
        "node": ">=18.0.0"
      }
    },
    "node_modules/@peculiar/asn1-schema": {
      "version": "2.3.15",
      "resolved": "https://registry.npmjs.org/@peculiar/asn1-schema/-/asn1-schema-2.3.15.tgz",
      "integrity": "sha512-QPeD8UA8axQREpgR5UTAfu2mqQmm97oUqahDtNdBcfj3qAnoXzFdQW+aNf/tD2WVXF8Fhmftxoj0eMIT++gX2w==",
      "license": "MIT",
      "dependencies": {
        "asn1js": "^3.0.5",
        "pvtsutils": "^1.3.6",
        "tslib": "^2.8.1"
      }
    },
    "node_modules/@peculiar/json-schema": {
      "version": "1.1.12",
      "resolved": "https://registry.npmjs.org/@peculiar/json-schema/-/json-schema-1.1.12.tgz",
      "integrity": "sha512-coUfuoMeIB7B8/NMekxaDzLhaYmp0HZNPEjYRm9goRou8UZIC3z21s0sL9AWoCw4EG876QyO3kYrc61WNF9B/w==",
      "license": "MIT",
      "dependencies": {
        "tslib": "^2.0.0"
      },
      "engines": {
        "node": ">=8.0.0"
      }
    },
    "node_modules/@repeaterjs/repeater": {
      "version": "3.0.6",
      "resolved": "https://registry.npmjs.org/@repeaterjs/repeater/-/repeater-3.0.6.tgz",
      "integrity": "sha512-Javneu5lsuhwNCryN+pXH93VPQ8g0dBX7wItHFgYiwQmzE1sVdg5tWHiOgHywzL2W21XQopa7IwIEnNbmeUJYA==",
      "license": "MIT"
    },
    "node_modules/@whatwg-node/disposablestack": {
      "version": "0.0.6",
      "resolved": "https://registry.npmjs.org/@whatwg-node/disposablestack/-/disposablestack-0.0.6.tgz",
      "integrity": "sha512-LOtTn+JgJvX8WfBVJtF08TGrdjuFzGJc4mkP8EdDI8ADbvO7kiexYep1o8dwnt0okb0jYclCDXF13xU7Ge4zSw==",
      "license": "MIT",
      "dependencies": {
        "@whatwg-node/promise-helpers": "^1.0.0",
        "tslib": "^2.6.3"
      },
      "engines": {
        "node": ">=18.0.0"
      }
    },
    "node_modules/@whatwg-node/events": {
      "version": "0.1.2",
      "resolved": "https://registry.npmjs.org/@whatwg-node/events/-/events-0.1.2.tgz",
      "integrity": "sha512-ApcWxkrs1WmEMS2CaLLFUEem/49erT3sxIVjpzU5f6zmVcnijtDSrhoK2zVobOIikZJdH63jdAXOrvjf6eOUNQ==",
      "license": "MIT",
      "dependencies": {
        "tslib": "^2.6.3"
      },
      "engines": {
        "node": ">=18.0.0"
      }
    },
    "node_modules/@whatwg-node/fetch": {
      "version": "0.10.5",
      "resolved": "https://registry.npmjs.org/@whatwg-node/fetch/-/fetch-0.10.5.tgz",
      "integrity": "sha512-+yFJU3hmXPAHJULwx0VzCIsvr/H0lvbPvbOH3areOH3NAuCxCwaJsQ8w6/MwwMcvEWIynSsmAxoyaH04KeosPg==",
      "license": "MIT",
      "dependencies": {
        "@whatwg-node/node-fetch": "^0.7.11",
        "urlpattern-polyfill": "^10.0.0"
      },
      "engines": {
        "node": ">=18.0.0"
      }
    },
    "node_modules/@whatwg-node/fetch/node_modules/urlpattern-polyfill": {
      "version": "10.0.0",
      "resolved": "https://registry.npmjs.org/urlpattern-polyfill/-/urlpattern-polyfill-10.0.0.tgz",
      "integrity": "sha512-H/A06tKD7sS1O1X2SshBVeA5FLycRpjqiBeqGKmBwBDBy28EnRjORxTNe269KSSr5un5qyWi1iL61wLxpd+ZOg==",
      "license": "MIT"
    },
    "node_modules/@whatwg-node/node-fetch": {
      "version": "0.7.17",
      "resolved": "https://registry.npmjs.org/@whatwg-node/node-fetch/-/node-fetch-0.7.17.tgz",
      "integrity": "sha512-Ni8A2H/r6brNf4u8Y7ATxmWUD0xltsQ6a4NnjWSbw4PgaT34CbY+u4QtVsFj9pTC3dBKJADKjac3AieAig+PZA==",
      "license": "MIT",
      "dependencies": {
        "@whatwg-node/disposablestack": "^0.0.6",
        "@whatwg-node/promise-helpers": "^1.2.5",
        "busboy": "^1.6.0",
        "tslib": "^2.6.3"
      },
      "engines": {
        "node": ">=18.0.0"
      }
    },
    "node_modules/@whatwg-node/promise-helpers": {
      "version": "1.3.0",
      "resolved": "https://registry.npmjs.org/@whatwg-node/promise-helpers/-/promise-helpers-1.3.0.tgz",
      "integrity": "sha512-486CouizxHXucj8Ky153DDragfkMcHtVEToF5Pn/fInhUUSiCmt9Q4JVBa6UK5q4RammFBtGQ4C9qhGlXU9YbA==",
      "license": "MIT",
      "dependencies": {
        "tslib": "^2.6.3"
      },
      "engines": {
        "node": ">=16.0.0"
      }
    },
    "node_modules/@whatwg-node/server": {
      "version": "0.10.3",
      "resolved": "https://registry.npmjs.org/@whatwg-node/server/-/server-0.10.3.tgz",
      "integrity": "sha512-2Dnfey57vWR+hDUMjPhNzJQc9z116BBzSQwR9eD0vhnzYmN2rJXuY0QuMaHDCCqEZRmFHg2bo8iJ+/1uHOlxpg==",
      "license": "MIT",
      "dependencies": {
        "@envelop/instrumentation": "^1.0.0",
        "@whatwg-node/disposablestack": "^0.0.6",
        "@whatwg-node/fetch": "^0.10.5",
        "@whatwg-node/promise-helpers": "^1.2.3",
        "tslib": "^2.6.3"
      },
      "engines": {
        "node": ">=18.0.0"
      }
    },
    "node_modules/asn1js": {
      "version": "3.0.6",
      "resolved": "https://registry.npmjs.org/asn1js/-/asn1js-3.0.6.tgz",
      "integrity": "sha512-UOCGPYbl0tv8+006qks/dTgV9ajs97X2p0FAbyS2iyCRrmLSRolDaHdp+v/CLgnzHc3fVB+CwYiUmei7ndFcgA==",
      "license": "BSD-3-Clause",
      "dependencies": {
        "pvtsutils": "^1.3.6",
        "pvutils": "^1.1.3",
        "tslib": "^2.8.1"
      },
      "engines": {
        "node": ">=12.0.0"
      }
    },
    "node_modules/busboy": {
      "version": "1.6.0",
      "resolved": "https://registry.npmjs.org/busboy/-/busboy-1.6.0.tgz",
      "integrity": "sha512-8SFQbg/0hQ9xy3UNTB0YEnsNBbWfhf7RtnzpL7TkBiTBRfrQ9Fxcnz7VJsleJpyp6rVLvXiuORqjlHi5q+PYuA==",
      "dependencies": {
        "streamsearch": "^1.1.0"
      },
      "engines": {
        "node": ">=10.16.0"
      }
    },
    "node_modules/cross-inspect": {
      "version": "1.0.1",
      "resolved": "https://registry.npmjs.org/cross-inspect/-/cross-inspect-1.0.1.tgz",
      "integrity": "sha512-Pcw1JTvZLSJH83iiGWt6fRcT+BjZlCDRVwYLbUcHzv/CRpB7r0MlSrGbIyQvVSNyGnbt7G4AXuyCiDR3POvZ1A==",
      "license": "MIT",
      "dependencies": {
        "tslib": "^2.4.0"
      },
      "engines": {
        "node": ">=16.0.0"
      }
    },
    "node_modules/dset": {
      "version": "3.1.4",
      "resolved": "https://registry.npmjs.org/dset/-/dset-3.1.4.tgz",
      "integrity": "sha512-2QF/g9/zTaPDc3BjNcVTGoBbXBgYfMTTceLaYcFJ/W9kggFUkhxD/hMEeuLKbugyef9SqAx8cpgwlIP/jinUTA==",
      "license": "MIT",
      "engines": {
        "node": ">=4"
      }
    },
    "node_modules/fast-decode-uri-component": {
      "version": "1.0.1",
      "resolved": "https://registry.npmjs.org/fast-decode-uri-component/-/fast-decode-uri-component-1.0.1.tgz",
      "integrity": "sha512-WKgKWg5eUxvRZGwW8FvfbaH7AXSh2cL+3j5fMGzUMCxWBJ3dV3a7Wz8y2f/uQ0e3B6WmodD3oS54jTQ9HVTIIg==",
      "license": "MIT"
    },
    "node_modules/fast-querystring": {
      "version": "1.1.2",
      "resolved": "https://registry.npmjs.org/fast-querystring/-/fast-querystring-1.1.2.tgz",
      "integrity": "sha512-g6KuKWmFXc0fID8WWH0jit4g0AGBoJhCkJMb1RmbsSEUNvQ+ZC8D6CUZ+GtF8nMzSPXnhiePyyqqipzNNEnHjg==",
      "license": "MIT",
      "dependencies": {
        "fast-decode-uri-component": "^1.0.1"
      }
    },
    "node_modules/fast-url-parser": {
      "version": "1.1.3",
      "resolved": "https://registry.npmjs.org/fast-url-parser/-/fast-url-parser-1.1.3.tgz",
      "integrity": "sha512-5jOCVXADYNuRkKFzNJ0dCCewsZiYo0dz8QNYljkOpFC6r2U4OBmKtvm/Tsuh4w1YYdDqDb31a8TVhBJ2OJKdqQ==",
      "license": "MIT",
      "dependencies": {
        "punycode": "^1.3.2"
      }
    },
    "node_modules/graphql": {
      "version": "16.10.0",
      "resolved": "https://registry.npmjs.org/graphql/-/graphql-16.10.0.tgz",
      "integrity": "sha512-AjqGKbDGUFRKIRCP9tCKiIGHyriz2oHEbPIbEtcSLSs4YjReZOIPQQWek4+6hjw62H9QShXHyaGivGiYVLeYFQ==",
      "license": "MIT",
      "engines": {
        "node": "^12.22.0 || ^14.16.0 || ^16.0.0 || >=17.0.0"
      }
    },
    "node_modules/graphql-subscriptions": {
      "version": "3.0.0",
      "resolved": "https://registry.npmjs.org/graphql-subscriptions/-/graphql-subscriptions-3.0.0.tgz",
      "integrity": "sha512-kZCdevgmzDjGAOqH7GlDmQXYAkuHoKpMlJrqF40HMPhUhM5ZWSFSxCwD/nSi6AkaijmMfsFhoJRGJ27UseCvRA==",
      "license": "MIT",
      "peerDependencies": {
        "graphql": "^15.7.2 || ^16.0.0"
      }
    },
    "node_modules/graphql-ws": {
      "version": "6.0.4",
      "resolved": "https://registry.npmjs.org/graphql-ws/-/graphql-ws-6.0.4.tgz",
      "integrity": "sha512-8b4OZtNOvv8+NZva8HXamrc0y1jluYC0+13gdh7198FKjVzXyTvVc95DCwGzaKEfn3YuWZxUqjJlHe3qKM/F2g==",
      "license": "MIT",
      "engines": {
        "node": ">=20"
      },
      "peerDependencies": {
        "@fastify/websocket": "^10 || ^11",
        "graphql": "^15.10.1 || ^16",
        "uWebSockets.js": "^20",
        "ws": "^8"
      },
      "peerDependenciesMeta": {
        "@fastify/websocket": {
          "optional": true
        },
        "uWebSockets.js": {
          "optional": true
        },
        "ws": {
          "optional": true
        }
      }
    },
    "node_modules/graphql-yoga": {
      "version": "5.13.3",
      "resolved": "https://registry.npmjs.org/graphql-yoga/-/graphql-yoga-5.13.3.tgz",
      "integrity": "sha512-W8efVmPhKOreIJgiYbC2CCn60ORr7kj+5dRg7EoBg6+rbMdL4EqlXp1hYdrmbB5GGgS2g3ivyHutXKUK0S0UZw==",
      "license": "MIT",
      "dependencies": {
        "@envelop/core": "^5.2.3",
        "@envelop/instrumentation": "^1.0.0",
        "@graphql-tools/executor": "^1.4.0",
        "@graphql-tools/schema": "^10.0.11",
        "@graphql-tools/utils": "^10.6.2",
        "@graphql-yoga/logger": "^2.0.1",
        "@graphql-yoga/subscription": "^5.0.4",
        "@whatwg-node/fetch": "^0.10.5",
        "@whatwg-node/promise-helpers": "^1.2.4",
        "@whatwg-node/server": "^0.10.2",
        "dset": "^3.1.4",
        "lru-cache": "^10.0.0",
        "tslib": "^2.8.1"
      },
      "engines": {
        "node": ">=18.0.0"
      },
      "peerDependencies": {
        "graphql": "^15.2.0 || ^16.0.0"
      }
    },
    "node_modules/graphql-yoga/node_modules/lru-cache": {
      "version": "10.4.3",
      "resolved": "https://registry.npmjs.org/lru-cache/-/lru-cache-10.4.3.tgz",
      "integrity": "sha512-JNAzZcXrCt42VGLuYz0zfAzDfAvJWW6AfYlDBQyDV5DClI2m5sAmK+OIO7s59XfsRsWHp02jAJrRadPRGTt6SQ==",
      "license": "ISC"
    },
    "node_modules/hash-it": {
      "version": "6.0.0",
      "resolved": "https://registry.npmjs.org/hash-it/-/hash-it-6.0.0.tgz",
      "integrity": "sha512-KHzmSFx1KwyMPw0kXeeUD752q/Kfbzhy6dAZrjXV9kAIXGqzGvv8vhkUqj+2MGZldTo0IBpw6v7iWE7uxsvH0w==",
      "license": "MIT"
    },
    "node_modules/lru-cache": {
      "version": "6.0.0",
      "resolved": "https://registry.npmjs.org/lru-cache/-/lru-cache-6.0.0.tgz",
      "integrity": "sha512-Jo6dJ04CmSjuznwJSS3pUeWmd/H0ffTlkXXgwZi+eq1UCmqQwCh+eLsYOYCwY991i2Fah4h1BEMCx4qThGbsiA==",
      "license": "ISC",
      "dependencies": {
        "yallist": "^4.0.0"
      },
      "engines": {
        "node": ">=10"
      }
    },
    "node_modules/punycode": {
      "version": "1.4.1",
      "resolved": "https://registry.npmjs.org/punycode/-/punycode-1.4.1.tgz",
      "integrity": "sha512-jmYNElW7yvO7TV33CjSmvSiE2yco3bV2czu/OzDKdMNVZQWfxCblURLhf+47syQRBntjfLdd/H0egrzIG+oaFQ==",
      "license": "MIT"
    },
    "node_modules/pvtsutils": {
      "version": "1.3.6",
      "resolved": "https://registry.npmjs.org/pvtsutils/-/pvtsutils-1.3.6.tgz",
      "integrity": "sha512-PLgQXQ6H2FWCaeRak8vvk1GW462lMxB5s3Jm673N82zI4vqtVUPuZdffdZbPDFRoU8kAhItWFtPCWiPpp4/EDg==",
      "license": "MIT",
      "dependencies": {
        "tslib": "^2.8.1"
      }
    },
    "node_modules/pvutils": {
      "version": "1.1.3",
      "resolved": "https://registry.npmjs.org/pvutils/-/pvutils-1.1.3.tgz",
      "integrity": "sha512-pMpnA0qRdFp32b1sJl1wOJNxZLQ2cbQx+k6tjNtZ8CpvVhNqEPRgivZ2WOUev2YMajecdH7ctUPDvEe87nariQ==",
      "license": "MIT",
      "engines": {
        "node": ">=6.0.0"
      }
    },
    "node_modules/streamsearch": {
      "version": "1.1.0",
      "resolved": "https://registry.npmjs.org/streamsearch/-/streamsearch-1.1.0.tgz",
      "integrity": "sha512-Mcc5wHehp9aXz1ax6bZUyY5afg9u2rv5cqQI3mRrYkGC8rW2hM02jWuwjtL++LS5qinSyhj2QfLyNsuc+VsExg==",
      "engines": {
        "node": ">=10.0.0"
      }
    },
    "node_modules/tslib": {
      "version": "2.8.1",
      "resolved": "https://registry.npmjs.org/tslib/-/tslib-2.8.1.tgz",
      "integrity": "sha512-oJFu94HQb+KVduSUQL7wnpmqnfmLsOA/nAh6b6EH0wCEoK0/mPeXU6c3wKDV83MkOuHPRHtSXKKU99IBazS/2w==",
      "license": "0BSD"
    },
    "node_modules/urlpattern-polyfill": {
      "version": "8.0.2",
      "resolved": "https://registry.npmjs.org/urlpattern-polyfill/-/urlpattern-polyfill-8.0.2.tgz",
      "integrity": "sha512-Qp95D4TPJl1kC9SKigDcqgyM2VDVO4RiJc2d4qe5GrYm+zbIQCWWKAFaJNQ4BhdFeDGwBmAxqJBwWSJDb9T3BQ==",
      "license": "MIT"
    },
    "node_modules/uuid": {
      "version": "11.1.0",
      "resolved": "https://registry.npmjs.org/uuid/-/uuid-11.1.0.tgz",
      "integrity": "sha512-0/A9rDy9P7cJ+8w1c9WD9V//9Wj15Ce2MPz8Ri6032usz+NfePxx5AcN3bN+r6ZL6jEo066/yNYB3tn4pQEx+A==",
      "funding": [
        "https://github.com/sponsors/broofa",
        "https://github.com/sponsors/ctavan"
      ],
      "license": "MIT",
      "bin": {
        "uuid": "dist/esm/bin/uuid"
      }
    },
    "node_modules/web-streams-polyfill": {
      "version": "3.3.3",
      "resolved": "https://registry.npmjs.org/web-streams-polyfill/-/web-streams-polyfill-3.3.3.tgz",
      "integrity": "sha512-d2JWLCivmZYTSIoge9MsgFCZrt571BikcWGYkjC1khllbTeDlGqZ2D8vD8E/lJa8WGWbb7Plm8/XJYV7IJHZZw==",
      "license": "MIT",
      "engines": {
        "node": ">= 8"
      }
    },
    "node_modules/webcrypto-core": {
      "version": "1.8.1",
      "resolved": "https://registry.npmjs.org/webcrypto-core/-/webcrypto-core-1.8.1.tgz",
      "integrity": "sha512-P+x1MvlNCXlKbLSOY4cYrdreqPG5hbzkmawbcXLKN/mf6DZW0SdNNkZ+sjwsqVkI4A4Ko2sPZmkZtCKY58w83A==",
      "license": "MIT",
      "dependencies": {
        "@peculiar/asn1-schema": "^2.3.13",
        "@peculiar/json-schema": "^1.1.12",
        "asn1js": "^3.0.5",
        "pvtsutils": "^1.3.5",
        "tslib": "^2.7.0"
      }
    },
    "node_modules/ws": {
      "version": "8.18.1",
      "resolved": "https://registry.npmjs.org/ws/-/ws-8.18.1.tgz",
      "integrity": "sha512-RKW2aJZMXeMxVpnZ6bck+RswznaxmzdULiBr6KY7XkTnW8uvt0iT9H5DkHUChXrc+uurzwa0rVI16n/Xzjdz1w==",
      "license": "MIT",
      "engines": {
        "node": ">=10.0.0"
      },
      "peerDependencies": {
        "bufferutil": "^4.0.1",
        "utf-8-validate": ">=5.0.2"
      },
      "peerDependenciesMeta": {
        "bufferutil": {
          "optional": true
        },
        "utf-8-validate": {
          "optional": true
        }
      }
    },
    "node_modules/yallist": {
      "version": "4.0.0",
      "resolved": "https://registry.npmjs.org/yallist/-/yallist-4.0.0.tgz",
      "integrity": "sha512-3wdGidZyq5PB084XLES5TpOSRA3wjXAlIWMhum2kRcv/41Sn2emQ0dycQW4uZXLejwKvg6EsvbdlVL+FYEct7A==",
      "license": "ISC"
    }
  }
}
